// !$*UTF8*$!
{
	archiveVersion = 1;
	classes = {
	};
	objectVersion = 77;
	objects = {

/* Begin PBXBuildFile section */
		602C67122FA600AC00D1ED4D /* SudokuBoardEngine in Frameworks */ = {isa = PBXBuildFile; productRef = 602C67112FA600AC00D1ED4D /* SudokuBoardEngine */; };
		602C67222FA610AC00D1ED4D /* SudokuDomain in Frameworks */ = {isa = PBXBuildFile; productRef = 602C67212FA610AC00D1ED4D /* SudokuDomain */; };
		60F000012FA6000000000001 /* FactoryKit in Frameworks */ = {isa = PBXBuildFile; productRef = 60F000042FA6000000000004 /* FactoryKit */; };
		60F000022FA6000000000002 /* FactoryTesting in Frameworks */ = {isa = PBXBuildFile; productRef = 60F000052FA6000000000005 /* FactoryTesting */; };
/* End PBXBuildFile section */

/* Begin PBXContainerItemProxy section */
		60BC8E002FA4CB8D00FB0032 /* PBXContainerItemProxy */ = {
			isa = PBXContainerItemProxy;
			containerPortal = 60BC8DE82FA4CB8C00FB0032 /* Project object */;
			proxyType = 1;
			remoteGlobalIDString = 60BC8DEF2FA4CB8C00FB0032;
			remoteInfo = SudokuLab;
		};
		60BC8E0A2FA4CB8D00FB0032 /* PBXContainerItemProxy */ = {
			isa = PBXContainerItemProxy;
			containerPortal = 60BC8DE82FA4CB8C00FB0032 /* Project object */;
			proxyType = 1;
			remoteGlobalIDString = 60BC8DEF2FA4CB8C00FB0032;
			remoteInfo = SudokuLab;
		};
/* End PBXContainerItemProxy section */

/* Begin PBXFileReference section */
		60BC8DF02FA4CB8C00FB0032 /* SudokuLab.app */ = {isa = PBXFileReference; explicitFileType = wrapper.application; includeInIndex = 0; path = SudokuLab.app; sourceTree = BUILT_PRODUCTS_DIR; };
		60BC8DFF2FA4CB8D00FB0032 /* SudokuLabTests.xctest */ = {isa = PBXFileReference; explicitFileType = wrapper.cfbundle; includeInIndex = 0; path = SudokuLabTests.xctest; sourceTree = BUILT_PRODUCTS_DIR; };
		60BC8E092FA4CB8D00FB0032 /* SudokuLabUITests.xctest */ = {isa = PBXFileReference; explicitFileType = wrapper.cfbundle; includeInIndex = 0; path = SudokuLabUITests.xctest; sourceTree = BUILT_PRODUCTS_DIR; };
/* End PBXFileReference section */

/* Begin PBXFileSystemSynchronizedBuildFileExceptionSet section */
		60BC8F532FA4EE2A00FB0032 /* Exceptions for "Packages" folder in "SudokuLab" target */ = {
			isa = PBXFileSystemSynchronizedBuildFileExceptionSet;
			membershipExceptions = (
				SudokuBoardEngine,
				SudokuCore,
				SudokuDomain,
			);
			target = 60BC8DEF2FA4CB8C00FB0032 /* SudokuLab */;
		};
/* End PBXFileSystemSynchronizedBuildFileExceptionSet section */

/* Begin PBXFileSystemSynchronizedRootGroup section */
		60BC8DF22FA4CB8C00FB0032 /* SudokuLab */ = {
			isa = PBXFileSystemSynchronizedRootGroup;
			path = SudokuLab;
			sourceTree = "<group>";
		};
		60BC8E022FA4CB8D00FB0032 /* SudokuLabTests */ = {
			isa = PBXFileSystemSynchronizedRootGroup;
			path = SudokuLabTests;
			sourceTree = "<group>";
		};
		60BC8E0C2FA4CB8D00FB0032 /* SudokuLabUITests */ = {
			isa = PBXFileSystemSynchronizedRootGroup;
			path = SudokuLabUITests;
			sourceTree = "<group>";
		};
		60BC8F522FA4EE1C00FB0032 /* Packages */ = {
			isa = PBXFileSystemSynchronizedRootGroup;
			exceptions = (
				60BC8F532FA4EE2A00FB0032 /* Exceptions for "Packages" folder in "SudokuLab" target */,
			);
			path = Packages;
			sourceTree = "<group>";
		};
/* End PBXFileSystemSynchronizedRootGroup section */

/* Begin PBXFrameworksBuildPhase section */
		60BC8DED2FA4CB8C00FB0032 /* Frameworks */ = {
			isa = PBXFrameworksBuildPhase;
			buildActionMask = 2147483647;
			files = (
				602C67222FA610AC00D1ED4D /* SudokuDomain in Frameworks */,
				602C67122FA600AC00D1ED4D /* SudokuBoardEngine in Frameworks */,
				60F000012FA6000000000001 /* FactoryKit in Frameworks */,
			);
			runOnlyForDeploymentPostprocessing = 0;
		};
		60BC8DFC2FA4CB8D00FB0032 /* Frameworks */ = {
			isa = PBXFrameworksBuildPhase;
			buildActionMask = 2147483647;
			files = (
				60F000022FA6000000000002 /* FactoryTesting in Frameworks */,
			);
			runOnlyForDeploymentPostprocessing = 0;
		};
		60BC8E062FA4CB8D00FB0032 /* Frameworks */ = {
			isa = PBXFrameworksBuildPhase;
			buildActionMask = 2147483647;
			files = (
			);
			runOnlyForDeploymentPostprocessing = 0;
		};
/* End PBXFrameworksBuildPhase section */

/* Begin PBXGroup section */
		60BC8DE72FA4CB8C00FB0032 = {
			isa = PBXGroup;
			children = (
				60BC8DF22FA4CB8C00FB0032 /* SudokuLab */,
				60BC8F522FA4EE1C00FB0032 /* Packages */,
				60BC8E022FA4CB8D00FB0032 /* SudokuLabTests */,
				60BC8E0C2FA4CB8D00FB0032 /* SudokuLabUITests */,
				60BC8DF12FA4CB8C00FB0032 /* Products */,
			);
			sourceTree = "<group>";
		};
		60BC8DF12FA4CB8C00FB0032 /* Products */ = {
			isa = PBXGroup;
			children = (
				60BC8DF02FA4CB8C00FB0032 /* SudokuLab.app */,
				60BC8DFF2FA4CB8D00FB0032 /* SudokuLabTests.xctest */,
				60BC8E092FA4CB8D00FB0032 /* SudokuLabUITests.xctest */,
			);
			name = Products;
			sourceTree = "<group>";
		};
/* End PBXGroup section */

/* Begin PBXNativeTarget section */
		60BC8DEF2FA4CB8C00FB0032 /* SudokuLab */ = {
			isa = PBXNativeTarget;
			buildConfigurationList = 60BC8E132FA4CB8D00FB0032 /* Build configuration list for PBXNativeTarget "SudokuLab" */;
			buildPhases = (
				60BC8DEC2FA4CB8C00FB0032 /* Sources */,
				60BC8DED2FA4CB8C00FB0032 /* Frameworks */,
				60BC8DEE2FA4CB8C00FB0032 /* Resources */,
			);
			buildRules = (
			);
			dependencies = (
			);
			fileSystemSynchronizedGroups = (
				60BC8DF22FA4CB8C00FB0032 /* SudokuLab */,
				60BC8F522FA4EE1C00FB0032 /* Packages */,
			);
			name = SudokuLab;
			packageProductDependencies = (
				60F000042FA6000000000004 /* FactoryKit */,
				602C67212FA610AC00D1ED4D /* SudokuDomain */,
				602C67112FA600AC00D1ED4D /* SudokuBoardEngine */,
			);
			productName = SudokuLab;
			productReference = 60BC8DF02FA4CB8C00FB0032 /* SudokuLab.app */;
			productType = "com.apple.product-type.application";
		};
		60BC8DFE2FA4CB8D00FB0032 /* SudokuLabTests */ = {
			isa = PBXNativeTarget;
			buildConfigurationList = 60BC8E162FA4CB8D00FB0032 /* Build configuration list for PBXNativeTarget "SudokuLabTests" */;
			buildPhases = (
				60BC8DFB2FA4CB8D00FB0032 /* Sources */,
				60BC8DFC2FA4CB8D00FB0032 /* Frameworks */,
				60BC8DFD2FA4CB8D00FB0032 /* Resources */,
			);
			buildRules = (
			);
			dependencies = (
				60BC8E012FA4CB8D00FB0032 /* PBXTargetDependency */,
			);
			fileSystemSynchronizedGroups = (
				60BC8E022FA4CB8D00FB0032 /* SudokuLabTests */,
			);
			name = SudokuLabTests;
			packageProductDependencies = (
				60F000052FA6000000000005 /* FactoryTesting */,
			);
			productName = SudokuLabTests;
			productReference = 60BC8DFF2FA4CB8D00FB0032 /* SudokuLabTests.xctest */;
			productType = "com.apple.product-type.bundle.unit-test";
		};
		60BC8E082FA4CB8D00FB0032 /* SudokuLabUITests */ = {
			isa = PBXNativeTarget;
			buildConfigurationList = 60BC8E192FA4CB8D00FB0032 /* Build configuration list for PBXNativeTarget "SudokuLabUITests" */;
			buildPhases = (
				60BC8E052FA4CB8D00FB0032 /* Sources */,
				60BC8E062FA4CB8D00FB0032 /* Frameworks */,
				60BC8E072FA4CB8D00FB0032 /* Resources */,
			);
			buildRules = (
			);
			dependencies = (
				60BC8E0B2FA4CB8D00FB0032 /* PBXTargetDependency */,
			);
			fileSystemSynchronizedGroups = (
				60BC8E0C2FA4CB8D00FB0032 /* SudokuLabUITests */,
			);
			name = SudokuLabUITests;
			packageProductDependencies = (
			);
			productName = SudokuLabUITests;
			productReference = 60BC8E092FA4CB8D00FB0032 /* SudokuLabUITests.xctest */;
			productType = "com.apple.product-type.bundle.ui-testing";
		};
/* End PBXNativeTarget section */

/* Begin PBXProject section */
		60BC8DE82FA4CB8C00FB0032 /* Project object */ = {
			isa = PBXProject;
			attributes = {
				BuildIndependentTargetsInParallel = 1;
				LastSwiftUpdateCheck = 2640;
				LastUpgradeCheck = 2640;
				TargetAttributes = {
					60BC8DEF2FA4CB8C00FB0032 = {
						CreatedOnToolsVersion = 26.4.1;
					};
					60BC8DFE2FA4CB8D00FB0032 = {
						CreatedOnToolsVersion = 26.4.1;
						TestTargetID = 60BC8DEF2FA4CB8C00FB0032;
					};
					60BC8E082FA4CB8D00FB0032 = {
						CreatedOnToolsVersion = 26.4.1;
						TestTargetID = 60BC8DEF2FA4CB8C00FB0032;
					};
				};
			};
			buildConfigurationList = 60BC8DEB2FA4CB8C00FB0032 /* Build configuration list for PBXProject "SudokuLab" */;
			developmentRegion = en;
			hasScannedForEncodings = 0;
			knownRegions = (
				en,
				"zh-Hans",
				Base,
			);
			mainGroup = 60BC8DE72FA4CB8C00FB0032;
			minimizedProjectReferenceProxies = 1;
			packageReferences = (
				60F000032FA6000000000003 /* XCRemoteSwiftPackageReference "Factory" */,
			);
			preferredProjectObjectVersion = 77;
			productRefGroup = 60BC8DF12FA4CB8C00FB0032 /* Products */;
			projectDirPath = "";
			projectRoot = "";
			targets = (
				60BC8DEF2FA4CB8C00FB0032 /* SudokuLab */,
				60BC8DFE2FA4CB8D00FB0032 /* SudokuLabTests */,
				60BC8E082FA4CB8D00FB0032 /* SudokuLabUITests */,
			);
		};
/* End PBXProject section */

/* Begin PBXResourcesBuildPhase section */
		60BC8DEE2FA4CB8C00FB0032 /* Resources */ = {
			isa = PBXResourcesBuildPhase;
			buildActionMask = 2147483647;
			files = (
			);
			runOnlyForDeploymentPostprocessing = 0;
		};
		60BC8DFD2FA4CB8D00FB0032 /* Resources */ = {
			isa = PBXResourcesBuildPhase;
			buildActionMask = 2147483647;
			files = (
			);
			runOnlyForDeploymentPostprocessing = 0;
		};
		60BC8E072FA4CB8D00FB0032 /* Resources */ = {
			isa = PBXResourcesBuildPhase;
			buildActionMask = 2147483647;
			files = (
			);
			runOnlyForDeploymentPostprocessing = 0;
		};
/* End PBXResourcesBuildPhase section */

/* Begin PBXSourcesBuildPhase section */
		60BC8DEC2FA4CB8C00FB0032 /* Sources */ = {
			isa = PBXSourcesBuildPhase;
			buildActionMask = 2147483647;
			files = (
			);
			runOnlyForDeploymentPostprocessing = 0;
		};
		60BC8DFB2FA4CB8D00FB0032 /* Sources */ = {
			isa = PBXSourcesBuildPhase;
			buildActionMask = 2147483647;
			files = (
			);
			runOnlyForDeploymentPostprocessing = 0;
		};
		60BC8E052FA4CB8D00FB0032 /* Sources */ = {
			isa = PBXSourcesBuildPhase;
			buildActionMask = 2147483647;
			files = (
			);
			runOnlyForDeploymentPostprocessing = 0;
		};
/* End PBXSourcesBuildPhase section */

/* Begin PBXTargetDependency section */
		60BC8E012FA4CB8D00FB0032 /* PBXTargetDependency */ = {
			isa = PBXTargetDependency;
			target = 60BC8DEF2FA4CB8C00FB0032 /* SudokuLab */;
			targetProxy = 60BC8E002FA4CB8D00FB0032 /* PBXContainerItemProxy */;
		};
		60BC8E0B2FA4CB8D00FB0032 /* PBXTargetDependency */ = {
			isa = PBXTargetDependency;
			target = 60BC8DEF2FA4CB8C00FB0032 /* SudokuLab */;
			targetProxy = 60BC8E0A2FA4CB8D00FB0032 /* PBXContainerItemProxy */;
		};
/* End PBXTargetDependency section */

/* Begin XCBuildConfiguration section */
		60BC8E112FA4CB8D00FB0032 /* Debug */ = {
			isa = XCBuildConfiguration;
			buildSettings = {
				ALWAYS_SEARCH_USER_PATHS = NO;
				ASSETCATALOG_COMPILER_GENERATE_SWIFT_ASSET_SYMBOL_EXTENSIONS = YES;
				CLANG_ANALYZER_NONNULL = YES;
				CLANG_ANALYZER_NUMBER_OBJECT_CONVERSION = YES_AGGRESSIVE;
				CLANG_CXX_LANGUAGE_STANDARD = "gnu++20";
				CLANG_ENABLE_MODULES = YES;
				CLANG_ENABLE_OBJC_ARC = YES;
				CLANG_ENABLE_OBJC_WEAK = YES;
				CLANG_WARN_BLOCK_CAPTURE_AUTORELEASING = YES;
				CLANG_WARN_BOOL_CONVERSION = YES;
				CLANG_WARN_COMMA = YES;
				CLANG_WARN_CONSTANT_CONVERSION = YES;
				CLANG_WARN_DEPRECATED_OBJC_IMPLEMENTATIONS = YES;
				CLANG_WARN_DIRECT_OBJC_ISA_USAGE = YES_ERROR;
				CLANG_WARN_DOCUMENTATION_COMMENTS = YES;
				CLANG_WARN_EMPTY_BODY = YES;
				CLANG_WARN_ENUM_CONVERSION = YES;
				CLANG_WARN_INFINITE_RECURSION = YES;
				CLANG_WARN_INT_CONVERSION = YES;
				CLANG_WARN_NON_LITERAL_NULL_CONVERSION = YES;
				CLANG_WARN_OBJC_IMPLICIT_RETAIN_SELF = YES;
				CLANG_WARN_OBJC_LITERAL_CONVERSION = YES;
				CLANG_WARN_OBJC_ROOT_CLASS = YES_ERROR;
				CLANG_WARN_QUOTED_INCLUDE_IN_FRAMEWORK_HEADER = YES;
				CLANG_WARN_RANGE_LOOP_ANALYSIS = YES;
				CLANG_WARN_STRICT_PROTOTYPES = YES;
				CLANG_WARN_SUSPICIOUS_MOVE = YES;
				CLANG_WARN_UNGUARDED_AVAILABILITY = YES_AGGRESSIVE;
				CLANG_WARN_UNREACHABLE_CODE = YES;
				CLANG_WARN__DUPLICATE_METHOD_MATCH = YES;
				COPY_PHASE_STRIP = NO;
				DEBUG_INFORMATION_FORMAT = dwarf;
				ENABLE_STRICT_OBJC_MSGSEND = YES;
				ENABLE_TESTABILITY = YES;
				ENABLE_USER_SCRIPT_SANDBOXING = YES;
				GCC_C_LANGUAGE_STANDARD = gnu17;
				GCC_DYNAMIC_NO_PIC = NO;
				GCC_NO_COMMON_BLOCKS = YES;
				GCC_OPTIMIZATION_LEVEL = 0;
				GCC_PREPROCESSOR_DEFINITIONS = (
					"DEBUG=1",
					"$(inherited)",
				);
				GCC_WARN_64_TO_32_BIT_CONVERSION = YES;
				GCC_WARN_ABOUT_RETURN_TYPE = YES_ERROR;
				GCC_WARN_UNDECLARED_SELECTOR = YES;
				GCC_WARN_UNINITIALIZED_AUTOS = YES_AGGRESSIVE;
				GCC_WARN_UNUSED_FUNCTION = YES;
				GCC_WARN_UNUSED_VARIABLE = YES;
				IPHONEOS_DEPLOYMENT_TARGET = 26.0;
				LOCALIZATION_PREFERS_STRING_CATALOGS = YES;
				MTL_ENABLE_DEBUG_INFO = INCLUDE_SOURCE;
				MTL_FAST_MATH = YES;
				ONLY_ACTIVE_ARCH = YES;
				SDKROOT = iphoneos;
				SWIFT_ACTIVE_COMPILATION_CONDITIONS = "DEBUG $(inherited)";
				SWIFT_OPTIMIZATION_LEVEL = "-Onone";
			};
			name = Debug;
		};
		60BC8E122FA4CB8D00FB0032 /* Release */ = {
			isa = XCBuildConfiguration;
			buildSettings = {
				ALWAYS_SEARCH_USER_PATHS = NO;
				ASSETCATALOG_COMPILER_GENERATE_SWIFT_ASSET_SYMBOL_EXTENSIONS = YES;
				CLANG_ANALYZER_NONNULL = YES;
				CLANG_ANALYZER_NUMBER_OBJECT_CONVERSION = YES_AGGRESSIVE;
				CLANG_CXX_LANGUAGE_STANDARD = "gnu++20";
				CLANG_ENABLE_MODULES = YES;
				CLANG_ENABLE_OBJC_ARC = YES;
				CLANG_ENABLE_OBJC_WEAK = YES;
				CLANG_WARN_BLOCK_CAPTURE_AUTORELEASING = YES;
				CLANG_WARN_BOOL_CONVERSION = YES;
				CLANG_WARN_COMMA = YES;
				CLANG_WARN_CONSTANT_CONVERSION = YES;
				CLANG_WARN_DEPRECATED_OBJC_IMPLEMENTATIONS = YES;
				CLANG_WARN_DIRECT_OBJC_ISA_USAGE = YES_ERROR;
				CLANG_WARN_DOCUMENTATION_COMMENTS = YES;
				CLANG_WARN_EMPTY_BODY = YES;
				CLANG_WARN_ENUM_CONVERSION = YES;
				CLANG_WARN_INFINITE_RECURSION = YES;
				CLANG_WARN_INT_CONVERSION = YES;
				CLANG_WARN_NON_LITERAL_NULL_CONVERSION = YES;
				CLANG_WARN_OBJC_IMPLICIT_RETAIN_SELF = YES;
				CLANG_WARN_OBJC_LITERAL_CONVERSION = YES;
				CLANG_WARN_OBJC_ROOT_CLASS = YES_ERROR;
				CLANG_WARN_QUOTED_INCLUDE_IN_FRAMEWORK_HEADER = YES;
				CLANG_WARN_RANGE_LOOP_ANALYSIS = YES;
				CLANG_WARN_STRICT_PROTOTYPES = YES;
				CLANG_WARN_SUSPICIOUS_MOVE = YES;
				CLANG_WARN_UNGUARDED_AVAILABILITY = YES_AGGRESSIVE;
				CLANG_WARN_UNREACHABLE_CODE = YES;
				CLANG_WARN__DUPLICATE_METHOD_MATCH = YES;
				COPY_PHASE_STRIP = NO;
				DEBUG_INFORMATION_FORMAT = "dwarf-with-dsym";
				ENABLE_NS_ASSERTIONS = NO;
				ENABLE_STRICT_OBJC_MSGSEND = YES;
				ENABLE_USER_SCRIPT_SANDBOXING = YES;
				GCC_C_LANGUAGE_STANDARD = gnu17;
				GCC_NO_COMMON_BLOCKS = YES;
				GCC_WARN_64_TO_32_BIT_CONVERSION = YES;
				GCC_WARN_ABOUT_RETURN_TYPE = YES_ERROR;
				GCC_WARN_UNDECLARED_SELECTOR = YES;
				GCC_WARN_UNINITIALIZED_AUTOS = YES_AGGRESSIVE;
				GCC_WARN_UNUSED_FUNCTION = YES;
				GCC_WARN_UNUSED_VARIABLE = YES;
				IPHONEOS_DEPLOYMENT_TARGET = 26.0;
				LOCALIZATION_PREFERS_STRING_CATALOGS = YES;
				MTL_ENABLE_DEBUG_INFO = NO;
				MTL_FAST_MATH = YES;
				SDKROOT = iphoneos;
				SWIFT_COMPILATION_MODE = wholemodule;
				VALIDATE_PRODUCT = YES;
			};
			name = Release;
		};
		60BC8E142FA4CB8D00FB0032 /* Debug */ = {
			isa = XCBuildConfiguration;
			buildSettings = {
				ASSETCATALOG_COMPILER_APPICON_NAME = AppIcon;
				ASSETCATALOG_COMPILER_GLOBAL_ACCENT_COLOR_NAME = AccentColor;
				CODE_SIGN_STYLE = Automatic;
				CURRENT_PROJECT_VERSION = 1;
				ENABLE_PREVIEWS = YES;
				GENERATE_INFOPLIST_FILE = YES;
				INFOPLIST_KEY_UIApplicationSceneManifest_Generation = YES;
				INFOPLIST_KEY_UIApplicationSupportsIndirectInputEvents = YES;
				INFOPLIST_KEY_UILaunchScreen_Generation = YES;
				INFOPLIST_KEY_UISupportedInterfaceOrientations_iPad = "UIInterfaceOrientationPortrait UIInterfaceOrientationPortraitUpsideDown UIInterfaceOrientationLandscapeLeft UIInterfaceOrientationLandscapeRight";
				INFOPLIST_KEY_UISupportedInterfaceOrientations_iPhone = "UIInterfaceOrientationPortrait UIInterfaceOrientationLandscapeLeft UIInterfaceOrientationLandscapeRight";
				IPHONEOS_DEPLOYMENT_TARGET = 26.0;
				LD_RUNPATH_SEARCH_PATHS = (
					"$(inherited)",
					"@executable_path/Frameworks",
				);
				MARKETING_VERSION = 1.0;
				PRODUCT_BUNDLE_IDENTIFIER = com.public.weixi.SudokuLab;
				PRODUCT_NAME = "$(TARGET_NAME)";
				STRING_CATALOG_GENERATE_SYMBOLS = YES;
				SWIFT_APPROACHABLE_CONCURRENCY = YES;
				SWIFT_DEFAULT_ACTOR_ISOLATION = MainActor;
				SWIFT_EMIT_LOC_STRINGS = YES;
				SWIFT_UPCOMING_FEATURE_MEMBER_IMPORT_VISIBILITY = YES;
				SWIFT_VERSION = 5.0;
				TARGETED_DEVICE_FAMILY = "1,2";
			};
			name = Debug;
		};
		60BC8E152FA4CB8D00FB0032 /* Release */ = {
			isa = XCBuildConfiguration;
			buildSettings = {
				ASSETCATALOG_COMPILER_APPICON_NAME = AppIcon;
				ASSETCATALOG_COMPILER_GLOBAL_ACCENT_COLOR_NAME = AccentColor;
				CODE_SIGN_STYLE = Automatic;
				CURRENT_PROJECT_VERSION = 1;
				ENABLE_PREVIEWS = YES;
				GENERATE_INFOPLIST_FILE = YES;
				INFOPLIST_KEY_UIApplicationSceneManifest_Generation = YES;
				INFOPLIST_KEY_UIApplicationSupportsIndirectInputEvents = YES;
				INFOPLIST_KEY_UILaunchScreen_Generation = YES;
				INFOPLIST_KEY_UISupportedInterfaceOrientations_iPad = "UIInterfaceOrientationPortrait UIInterfaceOrientationPortraitUpsideDown UIInterfaceOrientationLandscapeLeft UIInterfaceOrientationLandscapeRight";
				INFOPLIST_KEY_UISupportedInterfaceOrientations_iPhone = "UIInterfaceOrientationPortrait UIInterfaceOrientationLandscapeLeft UIInterfaceOrientationLandscapeRight";
				IPHONEOS_DEPLOYMENT_TARGET = 26.0;
				LD_RUNPATH_SEARCH_PATHS = (
					"$(inherited)",
					"@executable_path/Frameworks",
				);
				MARKETING_VERSION = 1.0;
				PRODUCT_BUNDLE_IDENTIFIER = com.public.weixi.SudokuLab;
				PRODUCT_NAME = "$(TARGET_NAME)";
				STRING_CATALOG_GENERATE_SYMBOLS = YES;
				SWIFT_APPROACHABLE_CONCURRENCY = YES;
				SWIFT_DEFAULT_ACTOR_ISOLATION = MainActor;
				SWIFT_EMIT_LOC_STRINGS = YES;
				SWIFT_UPCOMING_FEATURE_MEMBER_IMPORT_VISIBILITY = YES;
				SWIFT_VERSION = 5.0;
				TARGETED_DEVICE_FAMILY = "1,2";
			};
			name = Release;
		};
		60BC8E172FA4CB8D00FB0032 /* Debug */ = {
			isa = XCBuildConfiguration;
			buildSettings = {
				BUNDLE_LOADER = "$(TEST_HOST)";
				CODE_SIGN_STYLE = Automatic;
				CURRENT_PROJECT_VERSION = 1;
				GENERATE_INFOPLIST_FILE = YES;
				IPHONEOS_DEPLOYMENT_TARGET = 26.0;
				MARKETING_VERSION = 1.0;
				PRODUCT_BUNDLE_IDENTIFIER = com.public.weixi.SudokuLabTests;
				PRODUCT_NAME = "$(TARGET_NAME)";
				STRING_CATALOG_GENERATE_SYMBOLS = NO;
				SWIFT_APPROACHABLE_CONCURRENCY = YES;
				SWIFT_EMIT_LOC_STRINGS = NO;
				SWIFT_UPCOMING_FEATURE_MEMBER_IMPORT_VISIBILITY = YES;
				SWIFT_VERSION = 5.0;
				TARGETED_DEVICE_FAMILY = "1,2";
				TEST_HOST = "$(BUILT_PRODUCTS_DIR)/SudokuLab.app/$(BUNDLE_EXECUTABLE_FOLDER_PATH)/SudokuLab";
			};
			name = Debug;
		};
		60BC8E182FA4CB8D00FB0032 /* Release */ = {
			isa = XCBuildConfiguration;
			buildSettings = {
				BUNDLE_LOADER = "$(TEST_HOST)";
				CODE_SIGN_STYLE = Automatic;
				CURRENT_PROJECT_VERSION = 1;
				GENERATE_INFOPLIST_FILE = YES;
				IPHONEOS_DEPLOYMENT_TARGET = 26.0;
				MARKETING_VERSION = 1.0;
				PRODUCT_BUNDLE_IDENTIFIER = com.public.weixi.SudokuLabTests;
				PRODUCT_NAME = "$(TARGET_NAME)";
				STRING_CATALOG_GENERATE_SYMBOLS = NO;
				SWIFT_APPROACHABLE_CONCURRENCY = YES;
				SWIFT_EMIT_LOC_STRINGS = NO;
				SWIFT_UPCOMING_FEATURE_MEMBER_IMPORT_VISIBILITY = YES;
				SWIFT_VERSION = 5.0;
				TARGETED_DEVICE_FAMILY = "1,2";
				TEST_HOST = "$(BUILT_PRODUCTS_DIR)/SudokuLab.app/$(BUNDLE_EXECUTABLE_FOLDER_PATH)/SudokuLab";
			};
			name = Release;
		};
		60BC8E1A2FA4CB8D00FB0032 /* Debug */ = {
			isa = XCBuildConfiguration;
			buildSettings = {
				CODE_SIGN_STYLE = Automatic;
				CURRENT_PROJECT_VERSION = 1;
				GENERATE_INFOPLIST_FILE = YES;
				IPHONEOS_DEPLOYMENT_TARGET = 26.0;
				MARKETING_VERSION = 1.0;
				PRODUCT_BUNDLE_IDENTIFIER = com.public.weixi.SudokuLabUITests;
				PRODUCT_NAME = "$(TARGET_NAME)";
				STRING_CATALOG_GENERATE_SYMBOLS = NO;
				SWIFT_APPROACHABLE_CONCURRENCY = YES;
				SWIFT_EMIT_LOC_STRINGS = NO;
				SWIFT_UPCOMING_FEATURE_MEMBER_IMPORT_VISIBILITY = YES;
				SWIFT_VERSION = 5.0;
				TARGETED_DEVICE_FAMILY = "1,2";
				TEST_TARGET_NAME = SudokuLab;
			};
			name = Debug;
		};
		60BC8E1B2FA4CB8D00FB0032 /* Release */ = {
			isa = XCBuildConfiguration;
			buildSettings = {
				CODE_SIGN_STYLE = Automatic;
				CURRENT_PROJECT_VERSION = 1;
				GENERATE_INFOPLIST_FILE = YES;
				IPHONEOS_DEPLOYMENT_TARGET = 26.0;
				MARKETING_VERSION = 1.0;
				PRODUCT_BUNDLE_IDENTIFIER = com.public.weixi.SudokuLabUITests;
				PRODUCT_NAME = "$(TARGET_NAME)";
				STRING_CATALOG_GENERATE_SYMBOLS = NO;
				SWIFT_APPROACHABLE_CONCURRENCY = YES;
				SWIFT_EMIT_LOC_STRINGS = NO;
				SWIFT_UPCOMING_FEATURE_MEMBER_IMPORT_VISIBILITY = YES;
				SWIFT_VERSION = 5.0;
				TARGETED_DEVICE_FAMILY = "1,2";
				TEST_TARGET_NAME = SudokuLab;
			};
			name = Release;
		};
/* End XCBuildConfiguration section */

/* Begin XCConfigurationList section */
		60BC8DEB2FA4CB8C00FB0032 /* Build configuration list for PBXProject "SudokuLab" */ = {
			isa = XCConfigurationList;
			buildConfigurations = (
				60BC8E112FA4CB8D00FB0032 /* Debug */,
				60BC8E122FA4CB8D00FB0032 /* Release */,
			);
			defaultConfigurationIsVisible = 0;
			defaultConfigurationName = Release;
		};
		60BC8E132FA4CB8D00FB0032 /* Build configuration list for PBXNativeTarget "SudokuLab" */ = {
			isa = XCConfigurationList;
			buildConfigurations = (
				60BC8E142FA4CB8D00FB0032 /* Debug */,
				60BC8E152FA4CB8D00FB0032 /* Release */,
			);
			defaultConfigurationIsVisible = 0;
			defaultConfigurationName = Release;
		};
		60BC8E162FA4CB8D00FB0032 /* Build configuration list for PBXNativeTarget "SudokuLabTests" */ = {
			isa = XCConfigurationList;
			buildConfigurations = (
				60BC8E172FA4CB8D00FB0032 /* Debug */,
				60BC8E182FA4CB8D00FB0032 /* Release */,
			);
			defaultConfigurationIsVisible = 0;
			defaultConfigurationName = Release;
		};
		60BC8E192FA4CB8D00FB0032 /* Build configuration list for PBXNativeTarget "SudokuLabUITests" */ = {
			isa = XCConfigurationList;
			buildConfigurations = (
				60BC8E1A2FA4CB8D00FB0032 /* Debug */,
				60BC8E1B2FA4CB8D00FB0032 /* Release */,
			);
			defaultConfigurationIsVisible = 0;
			defaultConfigurationName = Release;
		};
/* End XCConfigurationList section */

/* Begin XCRemoteSwiftPackageReference section */
		60F000032FA6000000000003 /* XCRemoteSwiftPackageReference "Factory" */ = {
			isa = XCRemoteSwiftPackageReference;
			repositoryURL = "https://github.com/hmlongco/Factory";
			requirement = {
				kind = upToNextMajorVersion;
				minimumVersion = 3.0.1;
			};
		};
/* End XCRemoteSwiftPackageReference section */

/* Begin XCSwiftPackageProductDependency section */
		602C67112FA600AC00D1ED4D /* SudokuBoardEngine */ = {
			isa = XCSwiftPackageProductDependency;
			productName = SudokuBoardEngine;
		};
		602C67212FA610AC00D1ED4D /* SudokuDomain */ = {
			isa = XCSwiftPackageProductDependency;
			productName = SudokuDomain;
		};
		60F000042FA6000000000004 /* FactoryKit */ = {
			isa = XCSwiftPackageProductDependency;
			package = 60F000032FA6000000000003 /* XCRemoteSwiftPackageReference "Factory" */;
			productName = FactoryKit;
		};
		60F000052FA6000000000005 /* FactoryTesting */ = {
			isa = XCSwiftPackageProductDependency;
			package = 60F000032FA6000000000003 /* XCRemoteSwiftPackageReference "Factory" */;
			productName = FactoryTesting;
		};
/* End XCSwiftPackageProductDependency section */
	};
	rootObject = 60BC8DE82FA4CB8C00FB0032 /* Project object */;
}
